
Microsoft Visual Studio Solution File, Format Version 12.00
# Visual Studio 15
VisualStudioVersion = 15.0.27130.2010
MinimumVisualStudioVersion = 10.0.40219.1
Project("{FAE04EC0-301F-11D3-BF4B-00C04F79EFBC}") = "WpfApp1", "WpfApp1\WpfApp1.csproj", "{2AF11CF6-A162-4940-8644-06EA2DB39DC1}"
EndProject
Global
	GlobalSection(SolutionConfigurationPlatforms) = preSolution
		Debug|Any CPU = Debug|Any CPU
		Release|Any CPU = Release|Any CPU
	EndGlobalSection
	GlobalSection(ProjectConfigurationPlatforms) = postSolution
		{2AF11CF6-A162-4940-8644-06EA2DB39DC1}.Debug|Any CPU.ActiveCfg = Debug|Any CPU
		{2AF11CF6-A162-4940-8644-06EA2DB39DC1}.Debug|Any CPU.Build.0 = Debug|Any CPU
		{2AF11CF6-A162-4940-8644-06EA2DB39DC1}.Release|Any CPU.ActiveCfg = Release|Any CPU
		{2AF11CF6-A162-4940-8644-06EA2DB39DC1}.Release|Any CPU.Build.0 = Release|Any CPU
	EndGlobalSection
	GlobalSection(SolutionProperties) = preSolution
		HideSolutionNode = FALSE
	EndGlobalSection
	GlobalSection(ExtensibilityGlobals) = postSolution
		SolutionGuid = {4BF4C13C-80FD-44EF-B990-534ADEF7002C}
	EndGlobalSection
EndGlobal
